# This file is autogenerated, do not edit; changes may be undone by the next 'dep ensure'.


[[projects]]
  name = "github.com/BurntSushi/toml"
  packages = ["."]
  revision = "b26d9c308763d68093482582cea63d69be07a0f0"
  version = "v0.3.0"

[[projects]]
  name = "github.com/coreos/go-systemd"
  packages = ["daemon"]
  revision = "40e2722dffead74698ca12a750f64ef313ddce05"
  version = "v16"

[[projects]]
  branch = "master"
  name = "github.com/evanphx/json-patch"
  packages = ["."]
  revision = "944e07253867aacae43c04b2e6a239005443f33a"

[[projects]]
  branch = "master"
  name = "github.com/globalsign/mgo"
  packages = [
    ".",
    "bson",
    "internal/json",
    "internal/sasl",
    "internal/scram"
  ]
  revision = "9be26bd91ab2fff0bd27ef5c2b148fbb3a6c46a9"

[[projects]]
  name = "github.com/pkg/errors"
  packages = ["."]
  revision = "645ef00459ed84a119197bfb8d8205042c6df63d"
  version = "v0.8.0"

[[projects]]
  branch = "master"
  name = "github.com/robertkrimen/otto"
  packages = [
    ".",
    "ast",
    "dbg",
    "file",
    "parser",
    "registry",
    "token",
    "underscore"
  ]
  revision = "3b44b4dcb6c00477273595c312908e2412d07da6"

[[projects]]
  name = "github.com/rwynn/elastic"
  packages = ["."]
  revision = "fe561fcbb260f7465f78c60e7da0012d94645afb"
  version = "v5.0.56"

[[projects]]
  branch = "master"
  name = "github.com/rwynn/gtm"
  packages = [
    ".",
    "consistent"
  ]
  revision = "8add5a1724c459a5f476d9178c614f7da117bd0c"

[[projects]]
  name = "github.com/rwynn/monstache"
  packages = ["monstachemap"]
  revision = "8d916fc2fe31a8cbeccbcf5e4904aba33ac0d1a0"
  version = "v3.6.1"

[[projects]]
  branch = "master"
  name = "github.com/serialx/hashring"
  packages = ["."]
  revision = "6a9381c5a83e926b9f1fd907395a581e69747e96"

[[projects]]
  branch = "master"
  name = "golang.org/x/net"
  packages = ["context"]
  revision = "f5dfe339be1d06f81b22525fe34671ee7d2c8904"

[[projects]]
  name = "gopkg.in/natefinch/lumberjack.v2"
  packages = ["."]
  revision = "a96e63847dc3c67d17befa69c303767e2f84e54f"
  version = "v2.1"

[[projects]]
  name = "gopkg.in/olivere/elastic.v5"
  packages = [
    "config",
    "uritemplates"
  ]
  revision = "3d6edfd18fe1356ee361bbd4f26cf8414f43f9d8"
  version = "v5.0.63"

[[projects]]
  name = "gopkg.in/sourcemap.v1"
  packages = [
    ".",
    "base64vlq"
  ]
  revision = "6e83acea0053641eff084973fee085f0c193c61a"
  version = "v1.0.5"

[solve-meta]
  analyzer-name = "dep"
  analyzer-version = 1
  inputs-digest = "d7734cb49ac1f5cbb4044ae91342114833e88d5f43d0eba42d4851b00b345bf6"
  solver-name = "gps-cdcl"
  solver-version = 1
